{
  "name": "school-app",
  "version": "0.0.0",
  "lockfileVersion": 1,
  "requires": true,
  "dependencies": {
    "@types/json-form-data": {
      "version": "1.7.0",
      "resolved": "https://registry.npmjs.org/@types/json-form-data/-/json-form-data-1.7.0.tgz",
      "integrity": "sha512-BgszceuEk7hcG8Pfc1iouFYHQwnUSANqdAMr5Ur/KhGudiBn/bFmk9NevEwOJlShFXMj24vOqq5fy5IpaXe2eg==",
      "dev": true
    },
    "classlist.js": {
      "version": "1.1.20150312",
      "resolved": "https://registry.npmjs.org/classlist.js/-/classlist.js-1.1.20150312.tgz",
      "integrity": "sha1-HXCEL3Ai8I2awIbOaeWyUPLFd4k="
    }
  }
}
